// !$*UTF8*$!
{
	archiveVersion = 1;
	classes = {
	};
	objectVersion = 46;
	objects = {

/* Begin PBXBuildFile section */
		27392AB7158536C1002C2019 /* UIKit.framework in Frameworks */ = {isa = PBXBuildFile; fileRef = 27392AB6158536C1002C2019 /* UIKit.framework */; };
		27392AB9158536C1002C2019 /* Foundation.framework in Frameworks */ = {isa = PBXBuildFile; fileRef = 27392AB8158536C1002C2019 /* Foundation.framework */; };
		27392ABB158536C1002C2019 /* CoreGraphics.framework in Frameworks */ = {isa = PBXBuildFile; fileRef = 27392ABA158536C1002C2019 /* CoreGraphics.framework */; };
		27392AC1158536C1002C2019 /* InfoPlist.strings in Resources */ = {isa = PBXBuildFile; fileRef = 27392ABF158536C1002C2019 /* InfoPlist.strings */; };
		27392AC3158536C1002C2019 /* main.m in Sources */ = {isa = PBXBuildFile; fileRef = 27392AC2158536C1002C2019 /* main.m */; };
		27392AC7158536C1002C2019 /* ABMAppDelegate.m in Sources */ = {isa = PBXBuildFile; fileRef = 27392AC6158536C1002C2019 /* ABMAppDelegate.m */; };
		27392ACA158536C1002C2019 /* MainStoryboard.storyboard in Resources */ = {isa = PBXBuildFile; fileRef = 27392AC8158536C1002C2019 /* MainStoryboard.storyboard */; };
		27392ACD158536C1002C2019 /* ABMViewController.m in Sources */ = {isa = PBXBuildFile; fileRef = 27392ACC158536C1002C2019 /* ABMViewController.m */; };
/* End PBXBuildFile section */

/* Begin PBXFileReference section */
		27392AB2158536C1002C2019 /* ABM.app */ = {isa = PBXFileReference; explicitFileType = wrapper.application; includeInIndex = 0; path = ABM.app; sourceTree = BUILT_PRODUCTS_DIR; };
		27392AB6158536C1002C2019 /* UIKit.framework */ = {isa = PBXFileReference; lastKnownFileType = wrapper.framework; name = UIKit.framework; path = System/Library/Frameworks/UIKit.framework; sourceTree = SDKROOT; };
		27392AB8158536C1002C2019 /* Foundation.framework */ = {isa = PBXFileReference; lastKnownFileType = wrapper.framework; name = Foundation.framework; path = System/Library/Frameworks/Foundation.framework; sourceTree = SDKROOT; };
		27392ABA158536C1002C2019 /* CoreGraphics.framework */ = {isa = PBXFileReference; lastKnownFileType = wrapper.framework; name = CoreGraphics.framework; path = System/Library/Frameworks/CoreGraphics.framework; sourceTree = SDKROOT; };
		27392ABE158536C1002C2019 /* ABM-Info.plist */ = {isa = PBXFileReference; path = "ABM-Info.plist"; sourceTree = "<group>"; };
		27392AC0158536C1002C2019 /* en */ = {isa = PBXFileReference; lastKnownFileType = text.plist.strings; name = en; path = en.lproj/InfoPlist.strings; sourceTree = "<group>"; };
		27392AC2158536C1002C2019 /* main.m */ = {isa = PBXFileReference; lastKnownFileType = sourcecode.c.objc; path = main.m; sourceTree = "<group>"; };
		27392AC4158536C1002C2019 /* ABM-Prefix.pch */ = {isa = PBXFileReference; path = "ABM-Prefix.pch"; sourceTree = "<group>"; };
		27392AC5158536C1002C2019 /* ABMAppDelegate.h */ = {isa = PBXFileReference; path = ABMAppDelegate.h; sourceTree = "<group>"; };
		27392AC6158536C1002C2019 /* ABMAppDelegate.m */ = {isa = PBXFileReference; lastKnownFileType = sourcecode.c.objc; path = ABMAppDelegate.m; sourceTree = "<group>"; };
		27392AC9158536C1002C2019 /* en */ = {isa = PBXFileReference; lastKnownFileType = file.storyboard; name = en; path = en.lproj/MainStoryboard.storyboard; sourceTree = "<group>"; };
		27392ACB158536C1002C2019 /* ABMViewController.h */ = {isa = PBXFileReference; path = ABMViewController.h; sourceTree = "<group>"; };
		27392ACC158536C1002C2019 /* ABMViewController.m */ = {isa = PBXFileReference; lastKnownFileType = sourcecode.c.objc; path = ABMViewController.m; sourceTree = "<group>"; };
/* End PBXFileReference section */

/* Begin PBXFrameworksBuildPhase section */
		27392AAF158536C1002C2019 /* Frameworks */ = {
			isa = PBXFrameworksBuildPhase;
			buildActionMask = 2147483647;
			files = (
				27392AB7158536C1002C2019 /* UIKit.framework in Frameworks */,
				27392AB9158536C1002C2019 /* Foundation.framework in Frameworks */,
				27392ABB158536C1002C2019 /* CoreGraphics.framework in Frameworks */,
			);
			runOnlyForDeploymentPostprocessing = 0;
		};
/* End PBXFrameworksBuildPhase section */

/* Begin PBXGroup section */
		27392AA7158536C1002C2019 = {
			isa = PBXGroup;
			children = (
				27392ABC158536C1002C2019 /* ABM */,
				27392AB5158536C1002C2019 /* Frameworks */,
				27392AB3158536C1002C2019 /* Products */,
			);
			sourceTree = "<group>";
		};
		27392AB3158536C1002C2019 /* Products */ = {
			isa = PBXGroup;
			children = (
				27392AB2158536C1002C2019 /* ABM.app */,
			);
			name = Products;
			sourceTree = "<group>";
		};
		27392AB5158536C1002C2019 /* Frameworks */ = {
			isa = PBXGroup;
			children = (
				27392AB6158536C1002C2019 /* UIKit.framework */,
				27392AB8158536C1002C2019 /* Foundation.framework */,
				27392ABA158536C1002C2019 /* CoreGraphics.framework */,
			);
			name = Frameworks;
			sourceTree = "<group>";
		};
		27392ABC158536C1002C2019 /* ABM */ = {
			isa = PBXGroup;
			children = (
				27392AC5158536C1002C2019 /* ABMAppDelegate.h */,
				27392AC6158536C1002C2019 /* ABMAppDelegate.m */,
				27392AC8158536C1002C2019 /* MainStoryboard.storyboard */,
				27392ACB158536C1002C2019 /* ABMViewController.h */,
				27392ACC158536C1002C2019 /* ABMViewController.m */,
				27392ABD158536C1002C2019 /* Supporting Files */,
			);
			path = ABM;
			sourceTree = "<group>";
		};
		27392ABD158536C1002C2019 /* Supporting Files */ = {
			isa = PBXGroup;
			children = (
				27392ABE158536C1002C2019 /* ABM-Info.plist */,
				27392ABF158536C1002C2019 /* InfoPlist.strings */,
				27392AC2158536C1002C2019 /* main.m */,
				27392AC4158536C1002C2019 /* ABM-Prefix.pch */,
			);
			name = "Supporting Files";
			sourceTree = "<group>";
		};
/* End PBXGroup section */

/* Begin PBXNativeTarget section */
		27392AB1158536C1002C2019 /* ABM */ = {
			isa = PBXNativeTarget;
			buildConfigurationList = 27392AD0158536C1002C2019 /* Build configuration list for PBXNativeTarget "ABM" */;
			buildPhases = (
				27392AAE158536C1002C2019 /* Sources */,
				27392AAF158536C1002C2019 /* Frameworks */,
				27392AB0158536C1002C2019 /* Resources */,
			);
			buildRules = (
			);
			dependencies = (
			);
			name = ABM;
			productName = ABM;
			productReference = 27392AB2158536C1002C2019 /* ABM.app */;
			productType = "com.apple.product-type.application";
		};
/* End PBXNativeTarget section */

/* Begin PBXProject section */
		27392AA9158536C1002C2019 /* Project object */ = {
			isa = PBXProject;
			attributes = {
				CLASSPREFIX = ABM;
				LastUpgradeCheck = 0430;
			};
			buildConfigurationList = 27392AAC158536C1002C2019 /* Build configuration list for PBXProject "ABM" */;
			compatibilityVersion = "Xcode 3.2";
			developmentRegion = English;
			hasScannedForEncodings = 0;
			knownRegions = (
				en,
			);
			mainGroup = 27392AA7158536C1002C2019;
			productRefGroup = 27392AB3158536C1002C2019 /* Products */;
			projectDirPath = "";
			projectRoot = "";
			targets = (
				27392AB1158536C1002C2019 /* ABM */,
			);
		};
/* End PBXProject section */

/* Begin PBXResourcesBuildPhase section */
		27392AB0158536C1002C2019 /* Resources */ = {
			isa = PBXResourcesBuildPhase;
			buildActionMask = 2147483647;
			files = (
				27392AC1158536C1002C2019 /* InfoPlist.strings in Resources */,
				27392ACA158536C1002C2019 /* MainStoryboard.storyboard in Resources */,
			);
			runOnlyForDeploymentPostprocessing = 0;
		};
/* End PBXResourcesBuildPhase section */

/* Begin PBXSourcesBuildPhase section */
		27392AAE158536C1002C2019 /* Sources */ = {
			isa = PBXSourcesBuildPhase;
			buildActionMask = 2147483647;
			files = (
				27392AC3158536C1002C2019 /* main.m in Sources */,
				27392AC7158536C1002C2019 /* ABMAppDelegate.m in Sources */,
				27392ACD158536C1002C2019 /* ABMViewController.m in Sources */,
			);
			runOnlyForDeploymentPostprocessing = 0;
		};
/* End PBXSourcesBuildPhase section */

/* Begin PBXVariantGroup section */
		27392ABF158536C1002C2019 /* InfoPlist.strings */ = {
			isa = PBXVariantGroup;
			children = (
				27392AC0158536C1002C2019 /* en */,
			);
			name = InfoPlist.strings;
			sourceTree = "<group>";
		};
		27392AC8158536C1002C2019 /* MainStoryboard.storyboard */ = {
			isa = PBXVariantGroup;
			children = (
				27392AC9158536C1002C2019 /* en */,
			);
			name = MainStoryboard.storyboard;
			sourceTree = "<group>";
		};
/* End PBXVariantGroup section */

/* Begin XCBuildConfiguration section */
		27392ACE158536C1002C2019 /* Debug */ = {
			isa = XCBuildConfiguration;
			buildSettings = {
				ALWAYS_SEARCH_USER_PATHS = NO;
				ARCHS = "$(ARCHS_STANDARD_32_BIT)";
				CLANG_ENABLE_OBJC_ARC = YES;
				"CODE_SIGN_IDENTITY[sdk=iphoneos*]" = "iPhone Developer";
				COPY_PHASE_STRIP = NO;
				GCC_C_LANGUAGE_STANDARD = gnu99;
				GCC_DYNAMIC_NO_PIC = NO;
				GCC_OPTIMIZATION_LEVEL = 0;
				GCC_PREPROCESSOR_DEFINITIONS = (
					"DEBUG=1",
					"$(inherited)",
				);
				GCC_SYMBOLS_PRIVATE_EXTERN = NO;
				GCC_VERSION = com.apple.compilers.llvm.clang.1_0;
				GCC_WARN_ABOUT_RETURN_TYPE = YES;
				GCC_WARN_UNINITIALIZED_AUTOS = YES;
				GCC_WARN_UNUSED_VARIABLE = YES;
				IPHONEOS_DEPLOYMENT_TARGET = 5.1;
				SDKROOT = iphoneos;
			};
			name = Debug;
		};
		27392ACF158536C1002C2019 /* Release */ = {
			isa = XCBuildConfiguration;
			buildSettings = {
				ALWAYS_SEARCH_USER_PATHS = NO;
				ARCHS = "$(ARCHS_STANDARD_32_BIT)";
				CLANG_ENABLE_OBJC_ARC = YES;
				"CODE_SIGN_IDENTITY[sdk=iphoneos*]" = "iPhone Developer";
				COPY_PHASE_STRIP = YES;
				GCC_C_LANGUAGE_STANDARD = gnu99;
				GCC_VERSION = com.apple.compilers.llvm.clang.1_0;
				GCC_WARN_ABOUT_RETURN_TYPE = YES;
				GCC_WARN_UNINITIALIZED_AUTOS = YES;
				GCC_WARN_UNUSED_VARIABLE = YES;
				IPHONEOS_DEPLOYMENT_TARGET = 5.1;
				OTHER_CFLAGS = "-DNS_BLOCK_ASSERTIONS=1";
				SDKROOT = iphoneos;
				VALIDATE_PRODUCT = YES;
			};
			name = Release;
		};
		27392AD1158536C1002C2019 /* Debug */ = {
			isa = XCBuildConfiguration;
			buildSettings = {
				GCC_PRECOMPILE_PREFIX_HEADER = YES;
				GCC_PREFIX_HEADER = "ABM/ABM-Prefix.pch";
				INFOPLIST_FILE = "ABM/ABM-Info.plist";
				PRODUCT_NAME = "$(TARGET_NAME)";
				WRAPPER_EXTENSION = app;
			};
			name = Debug;
		};
		27392AD2158536C1002C2019 /* Release */ = {
			isa = XCBuildConfiguration;
			buildSettings = {
				GCC_PRECOMPILE_PREFIX_HEADER = YES;
				GCC_PREFIX_HEADER = "ABM/ABM-Prefix.pch";
				INFOPLIST_FILE = "ABM/ABM-Info.plist";
				PRODUCT_NAME = "$(TARGET_NAME)";
				WRAPPER_EXTENSION = app;
			};
			name = Release;
		};
/* End XCBuildConfiguration section */

/* Begin XCConfigurationList section */
		27392AAC158536C1002C2019 /* Build configuration list for PBXProject "ABM" */ = {
			isa = XCConfigurationList;
			buildConfigurations = (
				27392ACE158536C1002C2019 /* Debug */,
				27392ACF158536C1002C2019 /* Release */,
			);
			defaultConfigurationIsVisible = 0;
			defaultConfigurationName = Release;
		};
		27392AD0158536C1002C2019 /* Build configuration list for PBXNativeTarget "ABM" */ = {
			isa = XCConfigurationList;
			buildConfigurations = (
				27392AD1158536C1002C2019 /* Debug */,
				27392AD2158536C1002C2019 /* Release */,
			);
			defaultConfigurationIsVisible = 0;
		};
/* End XCConfigurationList section */
	};
	rootObject = 27392AA9158536C1002C2019 /* Project object */;
}
